
Microsoft Visual Studio Solution File, Format Version 12.00
# Visual Studio Version 16
VisualStudioVersion = 16.0.33423.256
MinimumVisualStudioVersion = 10.0.40219.1
Project("{FAE04EC0-301F-11D3-BF4B-00C04F79EFBC}") = "QL_Sodo_Phonghop_Hoitruong", "QL_Sodo_Phonghop_Hoitruong\QL_Sodo_Phonghop_Hoitruong.csproj", "{56070560-5886-4C98-BF43-D1290F269AE1}"
EndProject
Global
	GlobalSection(SolutionConfigurationPlatforms) = preSolution
		Debug|Any CPU = Debug|Any CPU
		Release|Any CPU = Release|Any CPU
	EndGlobalSection
	GlobalSection(ProjectConfigurationPlatforms) = postSolution
		{56070560-5886-4C98-BF43-D1290F269AE1}.Debug|Any CPU.ActiveCfg = Debug|Any CPU
		{56070560-5886-4C98-BF43-D1290F269AE1}.Debug|Any CPU.Build.0 = Debug|Any CPU
		{56070560-5886-4C98-BF43-D1290F269AE1}.Release|Any CPU.ActiveCfg = Release|Any CPU
		{56070560-5886-4C98-BF43-D1290F269AE1}.Release|Any CPU.Build.0 = Release|Any CPU
	EndGlobalSection
	GlobalSection(SolutionProperties) = preSolution
		HideSolutionNode = FALSE
	EndGlobalSection
	GlobalSection(ExtensibilityGlobals) = postSolution
		SolutionGuid = {E3D6770C-4902-49EB-B15B-2F9009CB2E33}
	EndGlobalSection
EndGlobal
